version = 1
requires-python = ">=3.12"

[[package]]
name = "confluent-kafka"
version = "2.8.2"
source = { registry = "https://pypi.org/simple" }
sdist = { url = "https://files.pythonhosted.org/packages/4b/4d/4ba3dcb54a1f84d2fc3abde259da568cfd398137c1c30f44ac9aede2b3ab/confluent_kafka-2.8.2.tar.gz", hash = "sha256:e8cac2a00968c587d7e7a8fbb6b2d3c2eb0d342d42fdf1fdc36c10036b944bf3", size = 191793 }
wheels = [
    { url = "https://files.pythonhosted.org/packages/32/46/b119db08602e4fba8e2f6fc9d74df3bca746680229565a7b710e8bc0474e/confluent_kafka-2.8.2-cp312-cp312-macosx_10_9_x86_64.whl", hash = "sha256:b632a230abee16b03bdfbb931eb6cdd05a3b9474066b5dcae01550a0faf7cbaf", size = 3514448 },
    { url = "https://files.pythonhosted.org/packages/37/f2/b0fc96554750d1d611739556f9501f454cb91de236dd168c13488e516843/confluent_kafka-2.8.2-cp312-cp312-macosx_11_0_arm64.whl", hash = "sha256:cd8f33fb94258b676c7c86520f572e2866405056bb31c3425d01fbe0a21f6883", size = 3044190 },
    { url = "https://files.pythonhosted.org/packages/7c/e2/dce865f8c2152a0b8c4bb515b9347a86b94130fe06105a9551ff4b06e8e0/confluent_kafka-2.8.2-cp312-cp312-manylinux_2_28_aarch64.whl", hash = "sha256:2cb254a1d53af672cd0d9f3b34492cb5ca4dae829cecc48292afedd199312f06", size = 15162431 },
    { url = "https://files.pythonhosted.org/packages/7d/61/f9bbb1b5c52656ecd5397d9ac6db26ed5f03824c92e7ecd17a8c31b0d572/confluent_kafka-2.8.2-cp312-cp312-manylinux_2_28_x86_64.whl", hash = "sha256:9ca5a6ddd6401684d6e7237e11efb112087e4c4c4535503e07fc3385e52b2f16", size = 3829519 },
    { url = "https://files.pythonhosted.org/packages/c0/29/097bc30d3eba5fac5a1e546afa171a3042dab837a940bfe770168e599372/confluent_kafka-2.8.2-cp312-cp312-win_amd64.whl", hash = "sha256:77eb22389c5d95a5d4b8a5713ee3f9ad084cbd19107eb80f51678f676fc3a27f", size = 3960034 },
    { url = "https://files.pythonhosted.org/packages/9a/4d/87b809737f74c77a89848e278cde380bdf725bf2c0ab2055d93ca5448697/confluent_kafka-2.8.2-cp313-cp313-macosx_13_0_arm64.whl", hash = "sha256:0974d544bf8b0f23cae70852e53a4e7fec1af7fc83222b302f3ce8855d3ff70b", size = 3048092 },
    { url = "https://files.pythonhosted.org/packages/90/96/867177cd1f39ec956b91817a7211c285dba1118b2ce9a6c9f57c472e128b/confluent_kafka-2.8.2-cp313-cp313-macosx_13_0_x86_64.whl", hash = "sha256:8eb18f6908aa10cb1f410b429abcb0a62d0ca0daf4386ef3784022d0779d236e", size = 3517243 },
    { url = "https://files.pythonhosted.org/packages/81/0a/123e72bca95f06da1e226fd4a7d2c03aedb43a5b13d01ebdaf25141f0ee0/confluent_kafka-2.8.2-cp313-cp313-manylinux_2_28_aarch64.whl", hash = "sha256:9171a75ef2430eb04dea4b433de7ae20db063b7cea2318cb0e6394175a153f6f", size = 15162898 },
    { url = "https://files.pythonhosted.org/packages/a4/d1/19f720ec099166737df36cbe608b40f106914c5536c5e9d97ee8b400c64e/confluent_kafka-2.8.2-cp313-cp313-manylinux_2_28_x86_64.whl", hash = "sha256:6ea4f733aaa2c6363adb8cd1cfeda16599642c472e479cea66c6b298325df0aa", size = 3829869 },
    { url = "https://files.pythonhosted.org/packages/4c/3b/d378fbeeb1d2fbba60f17821ef8a793f821d46212048e083ee04edc812aa/confluent_kafka-2.8.2-cp313-cp313-win_amd64.whl", hash = "sha256:60c6b77179301366410b35bbd224099a43061c983047329b69ed594f86240e7a", size = 4019718 },
    { url = "https://files.pythonhosted.org/packages/f9/f6/cbfc0f21352ee7e6d6957ca9f0c3bbd1845827f1ee539feabc3952cd385d/confluent_kafka-2.8.2-cp313-cp313t-manylinux_2_28_aarch64.whl", hash = "sha256:1eaf441620918600bd8dcfb0e38f2102bf735938ba4d87b057bddacd1fa46262", size = 15161491 },
]

[[package]]
name = "intellicloud-consumer"
version = "0.1.0"
source = { editable = "." }
dependencies = [
    { name = "confluent-kafka" },
]

[package.metadata]
requires-dist = [{ name = "confluent-kafka", specifier = ">=2.2.0,<3.0.0" }]
